
Microsoft Visual Studio Solution File, Format Version 12.00
# Visual Studio Version 16
VisualStudioVersion = 16.0.30804.86
MinimumVisualStudioVersion = 10.0.40219.1
Project("{FAE04EC0-301F-11D3-BF4B-00C04F79EFBC}") = "Client", "Client.csproj", "{D6B07B58-4F5C-4B80-9CAA-EFBA25E13EAA}"
EndProject
Global
	GlobalSection(SolutionConfigurationPlatforms) = preSolution
		Debug|Any CPU = Debug|Any CPU
		Release|Any CPU = Release|Any CPU
	EndGlobalSection
	GlobalSection(ProjectConfigurationPlatforms) = postSolution
		{D6B07B58-4F5C-4B80-9CAA-EFBA25E13EAA}.Debug|Any CPU.ActiveCfg = Debug|Any CPU
		{D6B07B58-4F5C-4B80-9CAA-EFBA25E13EAA}.Debug|Any CPU.Build.0 = Debug|Any CPU
		{D6B07B58-4F5C-4B80-9CAA-EFBA25E13EAA}.Release|Any CPU.ActiveCfg = Release|Any CPU
		{D6B07B58-4F5C-4B80-9CAA-EFBA25E13EAA}.Release|Any CPU.Build.0 = Release|Any CPU
	EndGlobalSection
	GlobalSection(SolutionProperties) = preSolution
		HideSolutionNode = FALSE
	EndGlobalSection
	GlobalSection(ExtensibilityGlobals) = postSolution
		SolutionGuid = {CC458D3C-428A-4A32-9057-BC57B75946E4}
	EndGlobalSection
EndGlobal
